
Microsoft Visual Studio Solution File, Format Version 12.00
# Visual Studio 15
VisualStudioVersion = 15.0.27703.2018
MinimumVisualStudioVersion = 10.0.40219.1
Project("{9A19103F-16F7-4668-BE54-9A1E7A4F7556}") = "BIQueryScheduler.API", "BIQueryScheduler.API\BIQueryScheduler.API.csproj", "{732FE640-27E7-4581-A67E-760626359485}"
EndProject
Project("{9A19103F-16F7-4668-BE54-9A1E7A4F7556}") = "BIQueryScheduler.UnitTests", "BIQueryScheduler.UnitTests\BIQueryScheduler.UnitTests.csproj", "{A130DFD5-A85B-4B6C-9B58-172EE3496AE4}"
EndProject
Global
	GlobalSection(SolutionConfigurationPlatforms) = preSolution
		Debug|Any CPU = Debug|Any CPU
		Release|Any CPU = Release|Any CPU
	EndGlobalSection
	GlobalSection(ProjectConfigurationPlatforms) = postSolution
		{732FE640-27E7-4581-A67E-760626359485}.Debug|Any CPU.ActiveCfg = Debug|Any CPU
		{732FE640-27E7-4581-A67E-760626359485}.Debug|Any CPU.Build.0 = Debug|Any CPU
		{732FE640-27E7-4581-A67E-760626359485}.Release|Any CPU.ActiveCfg = Release|Any CPU
		{732FE640-27E7-4581-A67E-760626359485}.Release|Any CPU.Build.0 = Release|Any CPU
		{A130DFD5-A85B-4B6C-9B58-172EE3496AE4}.Debug|Any CPU.ActiveCfg = Debug|Any CPU
		{A130DFD5-A85B-4B6C-9B58-172EE3496AE4}.Debug|Any CPU.Build.0 = Debug|Any CPU
		{A130DFD5-A85B-4B6C-9B58-172EE3496AE4}.Release|Any CPU.ActiveCfg = Release|Any CPU
		{A130DFD5-A85B-4B6C-9B58-172EE3496AE4}.Release|Any CPU.Build.0 = Release|Any CPU
	EndGlobalSection
	GlobalSection(SolutionProperties) = preSolution
		HideSolutionNode = FALSE
	EndGlobalSection
	GlobalSection(ExtensibilityGlobals) = postSolution
		SolutionGuid = {BC0BA683-C0C2-451B-9F69-D133123D1098}
	EndGlobalSection
EndGlobal
